
Microsoft Visual Studio Solution File, Format Version 12.00
# Visual Studio Version 16
VisualStudioVersion = 16.0.31613.86
MinimumVisualStudioVersion = 10.0.40219.1
Project("{FAE04EC0-301F-11D3-BF4B-00C04F79EFBC}") = "VocsAutoTest", "VocsAutoTest.csproj", "{D0B65F67-9CEA-4660-A8C6-5E80FD5F9FA5}"
	ProjectSection(ProjectDependencies) = postProject
		{AD3A232A-5344-4BA5-A45E-8B8A15E7546F} = {AD3A232A-5344-4BA5-A45E-8B8A15E7546F}
		{0DCE465C-14FC-424A-8B66-DE81AE8ED5D3} = {0DCE465C-14FC-424A-8B66-DE81AE8ED5D3}
	EndProjectSection
EndProject
Project("{FAE04EC0-301F-11D3-BF4B-00C04F79EFBC}") = "VocsAutoTestBLL", "..\VocsAutoTestBLL\VocsAutoTestBLL.csproj", "{0DCE465C-14FC-424A-8B66-DE81AE8ED5D3}"
EndProject
Project("{FAE04EC0-301F-11D3-BF4B-00C04F79EFBC}") = "VocsAutoTestCOMM", "..\VocsAutoTestCOMM\VocsAutoTestCOMM.csproj", "{AD3A232A-5344-4BA5-A45E-8B8A15E7546F}"
EndProject
Project("{FAE04EC0-301F-11D3-BF4B-00C04F79EFBC}") = "VocsAutoTestDAL", "..\VocsAutoTestDAL\VocsAutoTestDAL.csproj", "{4AE3C9B0-F29F-4EBE-9996-1E7009ADDCC6}"
EndProject
Global
	GlobalSection(SolutionConfigurationPlatforms) = preSolution
		Debug|Any CPU = Debug|Any CPU
		Debug|x64 = Debug|x64
		Release|Any CPU = Release|Any CPU
		Release|x64 = Release|x64
	EndGlobalSection
	GlobalSection(ProjectConfigurationPlatforms) = postSolution
		{D0B65F67-9CEA-4660-A8C6-5E80FD5F9FA5}.Debug|Any CPU.ActiveCfg = Debug|Any CPU
		{D0B65F67-9CEA-4660-A8C6-5E80FD5F9FA5}.Debug|Any CPU.Build.0 = Debug|Any CPU
		{D0B65F67-9CEA-4660-A8C6-5E80FD5F9FA5}.Debug|x64.ActiveCfg = Debug|x64
		{D0B65F67-9CEA-4660-A8C6-5E80FD5F9FA5}.Debug|x64.Build.0 = Debug|x64
		{D0B65F67-9CEA-4660-A8C6-5E80FD5F9FA5}.Release|Any CPU.ActiveCfg = Release|Any CPU
		{D0B65F67-9CEA-4660-A8C6-5E80FD5F9FA5}.Release|Any CPU.Build.0 = Release|Any CPU
		{D0B65F67-9CEA-4660-A8C6-5E80FD5F9FA5}.Release|x64.ActiveCfg = Release|x64
		{D0B65F67-9CEA-4660-A8C6-5E80FD5F9FA5}.Release|x64.Build.0 = Release|x64
		{0DCE465C-14FC-424A-8B66-DE81AE8ED5D3}.Debug|Any CPU.ActiveCfg = Debug|Any CPU
		{0DCE465C-14FC-424A-8B66-DE81AE8ED5D3}.Debug|Any CPU.Build.0 = Debug|Any CPU
		{0DCE465C-14FC-424A-8B66-DE81AE8ED5D3}.Debug|x64.ActiveCfg = Debug|Any CPU
		{0DCE465C-14FC-424A-8B66-DE81AE8ED5D3}.Debug|x64.Build.0 = Debug|Any CPU
		{0DCE465C-14FC-424A-8B66-DE81AE8ED5D3}.Release|Any CPU.ActiveCfg = Release|Any CPU
		{0DCE465C-14FC-424A-8B66-DE81AE8ED5D3}.Release|Any CPU.Build.0 = Release|Any CPU
		{0DCE465C-14FC-424A-8B66-DE81AE8ED5D3}.Release|x64.ActiveCfg = Release|Any CPU
		{0DCE465C-14FC-424A-8B66-DE81AE8ED5D3}.Release|x64.Build.0 = Release|Any CPU
		{AD3A232A-5344-4BA5-A45E-8B8A15E7546F}.Debug|Any CPU.ActiveCfg = Debug|Any CPU
		{AD3A232A-5344-4BA5-A45E-8B8A15E7546F}.Debug|Any CPU.Build.0 = Debug|Any CPU
		{AD3A232A-5344-4BA5-A45E-8B8A15E7546F}.Debug|x64.ActiveCfg = Debug|Any CPU
		{AD3A232A-5344-4BA5-A45E-8B8A15E7546F}.Debug|x64.Build.0 = Debug|Any CPU
		{AD3A232A-5344-4BA5-A45E-8B8A15E7546F}.Release|Any CPU.ActiveCfg = Release|Any CPU
		{AD3A232A-5344-4BA5-A45E-8B8A15E7546F}.Release|Any CPU.Build.0 = Release|Any CPU
		{AD3A232A-5344-4BA5-A45E-8B8A15E7546F}.Release|x64.ActiveCfg = Release|Any CPU
		{AD3A232A-5344-4BA5-A45E-8B8A15E7546F}.Release|x64.Build.0 = Release|Any CPU
		{4AE3C9B0-F29F-4EBE-9996-1E7009ADDCC6}.Debug|Any CPU.ActiveCfg = Debug|Any CPU
		{4AE3C9B0-F29F-4EBE-9996-1E7009ADDCC6}.Debug|Any CPU.Build.0 = Debug|Any CPU
		{4AE3C9B0-F29F-4EBE-9996-1E7009ADDCC6}.Debug|x64.ActiveCfg = Debug|Any CPU
		{4AE3C9B0-F29F-4EBE-9996-1E7009ADDCC6}.Debug|x64.Build.0 = Debug|Any CPU
		{4AE3C9B0-F29F-4EBE-9996-1E7009ADDCC6}.Release|Any CPU.ActiveCfg = Release|Any CPU
		{4AE3C9B0-F29F-4EBE-9996-1E7009ADDCC6}.Release|Any CPU.Build.0 = Release|Any CPU
		{4AE3C9B0-F29F-4EBE-9996-1E7009ADDCC6}.Release|x64.ActiveCfg = Release|Any CPU
		{4AE3C9B0-F29F-4EBE-9996-1E7009ADDCC6}.Release|x64.Build.0 = Release|Any CPU
	EndGlobalSection
	GlobalSection(SolutionProperties) = preSolution
		HideSolutionNode = FALSE
	EndGlobalSection
	GlobalSection(ExtensibilityGlobals) = postSolution
		SolutionGuid = {421FAADF-8B64-4FD7-B664-20253CD47984}
	EndGlobalSection
EndGlobal
